
Microsoft Visual Studio Solution File, Format Version 12.00
# Visual Studio Version 17
VisualStudioVersion = 17.2.32616.157
MinimumVisualStudioVersion = 10.0.40219.1
Project("{9A19103F-16F7-4668-BE54-9A1E7A4F7556}") = "MixERP.Net.VCards", "MixERP.Net.VCards\MixERP.Net.VCards.csproj", "{69124829-3D76-4E49-8B59-BE5FEAA4811B}"
EndProject
Project("{9A19103F-16F7-4668-BE54-9A1E7A4F7556}") = "MixERP.Net.VCards.UI", "MixERP.Net.VCards.UI\MixERP.Net.VCards.UI.csproj", "{DC27A45D-5557-4C1B-9DA4-DD7E9D82FC8C}"
EndProject
Project("{FAE04EC0-301F-11D3-BF4B-00C04F79EFBC}") = "MixERP.Net.VCards.UnitTest", "MixERP.Net.VCards.UnitTest\MixERP.Net.VCards.UnitTest.csproj", "{E1165F84-DA35-44B8-9DAB-14EE52060EA7}"
EndProject
Global
	GlobalSection(SolutionConfigurationPlatforms) = preSolution
		Debug|Any CPU = Debug|Any CPU
		Release|Any CPU = Release|Any CPU
	EndGlobalSection
	GlobalSection(ProjectConfigurationPlatforms) = postSolution
		{69124829-3D76-4E49-8B59-BE5FEAA4811B}.Debug|Any CPU.ActiveCfg = Debug|Any CPU
		{69124829-3D76-4E49-8B59-BE5FEAA4811B}.Debug|Any CPU.Build.0 = Debug|Any CPU
		{69124829-3D76-4E49-8B59-BE5FEAA4811B}.Release|Any CPU.ActiveCfg = Release|Any CPU
		{69124829-3D76-4E49-8B59-BE5FEAA4811B}.Release|Any CPU.Build.0 = Release|Any CPU
		{DC27A45D-5557-4C1B-9DA4-DD7E9D82FC8C}.Debug|Any CPU.ActiveCfg = Debug|Any CPU
		{DC27A45D-5557-4C1B-9DA4-DD7E9D82FC8C}.Debug|Any CPU.Build.0 = Debug|Any CPU
		{DC27A45D-5557-4C1B-9DA4-DD7E9D82FC8C}.Release|Any CPU.ActiveCfg = Release|Any CPU
		{DC27A45D-5557-4C1B-9DA4-DD7E9D82FC8C}.Release|Any CPU.Build.0 = Release|Any CPU
		{E1165F84-DA35-44B8-9DAB-14EE52060EA7}.Debug|Any CPU.ActiveCfg = Debug|Any CPU
		{E1165F84-DA35-44B8-9DAB-14EE52060EA7}.Debug|Any CPU.Build.0 = Debug|Any CPU
		{E1165F84-DA35-44B8-9DAB-14EE52060EA7}.Release|Any CPU.ActiveCfg = Release|Any CPU
		{E1165F84-DA35-44B8-9DAB-14EE52060EA7}.Release|Any CPU.Build.0 = Release|Any CPU
	EndGlobalSection
	GlobalSection(SolutionProperties) = preSolution
		HideSolutionNode = FALSE
	EndGlobalSection
	GlobalSection(ExtensibilityGlobals) = postSolution
		SolutionGuid = {33EEDFF8-D414-4B7F-9F64-B58AE2CFC852}
	EndGlobalSection
EndGlobal
